{
  "version": 4,
  "terraform_version": "1.14.3",
  "serial": 5,
  "lineage": "607b4153-78fd-6b9b-0667-4161cd6bf3c8",
  "outputs": {},
  "resources": [
    {
      "mode": "managed",
      "type": "kubernetes_namespace_v1",
      "name": "name",
      "provider": "provider[\"registry.terraform.io/hashicorp/kubernetes\"]",
      "instances": [
        {
          "schema_version": 0,
          "attributes": {
            "id": "app",
            "metadata": [
              {
                "annotations": null,
                "generate_name": "",
                "generation": 0,
                "labels": null,
                "name": "app",
                "resource_version": "293",
                "uid": "1dd31031-c552-4d80-989d-8293cb2af0ae"
              }
            ],
            "timeouts": null,
            "wait_for_default_service_account": false
          },
          "sensitive_attributes": [],
          "identity_schema_version": 1,
          "identity": {
            "api_version": "v1",
            "kind": "Namespace",
            "name": "app"
          },
          "private": "eyJlMmJmYjczMC1lY2FhLTExZTYtOGY4OC0zNDM2M2JjN2M0YzAiOnsiZGVsZXRlIjozMDAwMDAwMDAwMDB9fQ==",
          "dependencies": [
            "minikube_cluster.docker"
          ]
        }
      ]
    },
    {
      "mode": "managed",
      "type": "minikube_cluster",
      "name": "docker",
      "provider": "provider[\"registry.terraform.io/scott-the-programmer/minikube\"]",
      "instances": [
        {
          "schema_version": 0,
          "attributes": {
            "addons": [
              "default-storageclass",
              "storage-provisioner"
            ],
            "apiserver_ips": null,
            "apiserver_name": "minikubeCA",
            "apiserver_names": [],
            "apiserver_port": 8443,
            "auto_pause_interval": 1,
            "auto_update_drivers": true,
            "base_image": "gcr.io/k8s-minikube/kicbase:v0.0.48@sha256:7171c97a51623558720f8e5878e4f4637da093e2f2ed589997bedc6c1549b2b1",
            "binary_mirror": null,
            "cache_images": true,
            "cert_expiration": 1576800,
            "client_certificate": "-----BEGIN CERTIFICATE-----\nMIIDITCCAgmgAwIBAgIBAjANBgkqhkiG9w0BAQsFADAVMRMwEQYDVQQDEwptaW5p\na3ViZUNBMB4XDTI2MDExMzIwNDMyMFoXDTI5MDExMzIwNDMyMFowMTEXMBUGA1UE\nChMOc3lzdGVtOm1hc3RlcnMxFjAUBgNVBAMTDW1pbmlrdWJlLXVzZXIwggEiMA0G\nCSqGSIb3DQEBAQUAA4IBDwAwggEKAoIBAQDV8f5BqLdTAUz0zJaTZIp9rT5iqmaG\n+Z3Mn9la+5mQ2Pa4h0WyjZidPwgRNzn3BtmZ/HM8AWZk+SZl1AAJXgTDojEqLZjy\nXM2p6giwHMvjZsIBBar+PfmJRcIqIGRmlSV6vbQ+4oE6cpiD3+O1aRSd4goOd7Nz\nlvK/ifq5FAe4/IJO0ZSYWB2Cr++BE6gnnCB0Q0QrkTUQQKgw7ZiNxUNKoCMJxhyt\n7cVyn+WMNkq+gdghF6tg5al797ahtoMBKs3ey5fwo2AgvdnVtxcqCJYBmMWGhkpS\nDzuvb8xMWYak49auTL0inoAUUNJ3iQotu4sZ/ivHeGbAmFvMuTdgh9XPAgMBAAGj\nYDBeMA4GA1UdDwEB/wQEAwIFoDAdBgNVHSUEFjAUBggrBgEFBQcDAQYIKwYBBQUH\nAwIwDAYDVR0TAQH/BAIwADAfBgNVHSMEGDAWgBRspmSzc7VfQUcMLHFQXdL1JmcT\n7zANBgkqhkiG9w0BAQsFAAOCAQEAbLm/LllDvRj4Fazasv1hXYgElFag2pznO3SM\nfkfxOU/8cHZJmrbdd5nqwJE0dKjiVr0wCpJG/SEsULnutaOZXQj1XAmAS8lEJotj\nuUTTHtJgM6qMY3prDdIPr9m8mTczeUCBFGqr0WwUTp+d1WVrplyOWhTxCdRqW7AV\nx3CTnhMvMMA7ARlTnRPucKRvwOqFpWwA0CiKKKqsLfbJyFrxKBATUXtDGW5q+y+b\nnAoj5QgIh1QdhsINPHqc84SJ6t9kj5NzMxiE4w9PaNj8+cOcJSTYiNeqDd8LW2bZ\nEV7kdG04acZpjwVClNTGyqU0WsU7LGEm+PyJVLmhdqs1eHN1Kw==\n-----END CERTIFICATE-----\n",
            "client_key": "-----BEGIN RSA PRIVATE KEY-----\nMIIEowIBAAKCAQEA1fH+Qai3UwFM9MyWk2SKfa0+YqpmhvmdzJ/ZWvuZkNj2uIdF\nso2YnT8IETc59wbZmfxzPAFmZPkmZdQACV4Ew6IxKi2Y8lzNqeoIsBzL42bCAQWq\n/j35iUXCKiBkZpUler20PuKBOnKYg9/jtWkUneIKDnezc5byv4n6uRQHuPyCTtGU\nmFgdgq/vgROoJ5wgdENEK5E1EECoMO2YjcVDSqAjCcYcre3Fcp/ljDZKvoHYIRer\nYOWpe/e2obaDASrN3suX8KNgIL3Z1bcXKgiWAZjFhoZKUg87r2/MTFmGpOPWrky9\nIp6AFFDSd4kKLbuLGf4rx3hmwJhbzLk3YIfVzwIDAQABAoIBAB6dTEbU/7au/vYg\nuINK5c5qFf1EaPtziLMZRJ8SVb02bselA8IzJN2LgXoFLxQ8NLMmPs8dXCuiw23a\n0k6E16Wu9d4VPEeiJAPma2vYEwztTWGcEAXllGmiQ9CHZhaPzRctQjelbdyRPWXR\nieIRsVOOXuYHFvS5au8hrXECfsBnjoyUtbuZv95LumLCtuCZChsFp3FifDBGSbEA\ninV3z09FGsTLq8Bop/yqXFM6DmNgVSDSTT0wd9UkahqEAQbgDaZSdxc5Fc7K42sv\nTxr0zUvbkD4V/FEr+81t0aChg9CrRxEIMh3l31iT8NqtjZ6PIpy9B/tVtlUQi08e\npmM3DvECgYEA2VI9lixQNyWTi8v8j1iyuPiRjGFli9Lh+qyGU4BRPicPyHARzilW\nOAX586BPiP9HLR+r/HJsTQeRAEqanf7CZewTxSbio5YGgvEAZacPyvnH0+Vlj9b3\nXnkL0BKREFjgG+5AU+S6UcI1/B0POg3rqnCGfuwjWPKYTSTtPjT2qc0CgYEA/AXv\nKQ2KIB/5e+9CZrw+AjTH3wQLTCIPE/VbHA0CVIvioPopyDW+k+Ke0gx8FkbhVdvt\nyJsBRuZkAMicXwHVF5KgTwCP9EmecB1dQekRkp1wok+qIp4+p7l8TmFVeJW+ZmQh\nElKVXXqwZBFAbLO/B7OT07gSWMxWotZ6M8FWsgsCgYBqqoIN/owUtT3ZRPMezLNU\nNLUDyR5VZdmC90ErJPU7Y2LMx60FmqZ18wD/AjVnkZy22i/JRcRAfrE+CmAfolZ6\nPkhp4S8midGCXZYLTtdikfzx1UtnMWTTGuigZSyMcIL3UpaCVubYkFF9ACpkHUcJ\nrhdlnrOuycvVOYW0nbxgFQKBgFHDYxoAiIVvmjM5JmPKQpvYn9ecqkWi7x1chpiN\nJ+piD76GKrQHq7Ky3S/sWP2pNUXzuitRDpMAAAW5D/JK1+Vz7opy9kEc+UgKXs0Z\nXlgguAAQtHPSvyUPKmMLdP1QJ5t0dL5LCKZxPXTZm/soPZu0CQuxNlKUyK6/wpmz\n6fqNAoGBAI19qZgLN3cYjibYdQ8eivc8w4Ix1JQbEcE8Vi+pmkKVByu9BeNRpTQq\nNMt3A+48FxAsNpD1r+eOsW1FDTIaVaR3VDy80cxUwxWlLp40Nd7Hn/MMh0Cy8s5w\nqdszUf1Y+7ZXHWVWVlPTmxo2ZVo/bys48QiHZ5ilb9wRnxVZCMlS\n-----END RSA PRIVATE KEY-----\n",
            "cluster_ca_certificate": "-----BEGIN CERTIFICATE-----\nMIIDBjCCAe6gAwIBAgIBATANBgkqhkiG9w0BAQsFADAVMRMwEQYDVQQDEwptaW5p\na3ViZUNBMB4XDTI2MDEwNDIwNDUxMFoXDTM2MDEwMzIwNDUxMFowFTETMBEGA1UE\nAxMKbWluaWt1YmVDQTCCASIwDQYJKoZIhvcNAQEBBQADggEPADCCAQoCggEBALaW\nW21r1f0NrnbcB71AlQSAI6x+4rEebiAsUL6giMhINJHBsOVJKe6HB4w1gqzCVk99\nj4/zi1RygcdIxhvnnzZ+EVhhSXix7eU5HWertwaooepadJ/V9RPrXwUgEvsq/wa7\nQXGDzLrJ2E5NO/stAabzdQooyOlyiNgssMdR4ALG7VhqXZ1lFKEG/49F6njQ0EJP\ns3pS9zMdimn6MPY+Cp1L0eeeyqTuPdZrL5NjnmRDthgXzXJ+lA+ds8EaJo/kYvza\nJ3DTdnL/xD0+lbNRuMhK0EW4aumlVyxch/VSGa+jI4DmHpsr6BeW4RmAM/zLBn+H\nDBmAy4VZ9hzP+fof7cMCAwEAAaNhMF8wDgYDVR0PAQH/BAQDAgKkMB0GA1UdJQQW\nMBQGCCsGAQUFBwMCBggrBgEFBQcDATAPBgNVHRMBAf8EBTADAQH/MB0GA1UdDgQW\nBBRspmSzc7VfQUcMLHFQXdL1JmcT7zANBgkqhkiG9w0BAQsFAAOCAQEAIyTRKicL\n77wB1y+RGV58gaHf200BjaElxV6ZIanqQCMLhLOuu7xO0DR/ihJKvEKAb/eqh1PU\nOLKVLT6dnG0LYMif9DJuhh4/6A86Tg2H08r6xO0leZ8jGAj1H5cm8yNyUd2yBPaS\nV1V9iKPgYwy8AQLNISD9eNDUAu799JqxBKjnQ2psM5Oh/YwWllUmOLcfTsD3y1sk\nSvqh96tuXeExUXymWGYaGgmjXQQBwKpFrmHjg68Q2DMkCKzA0nerGMTw4n0KrP1T\nBEo/TQdQDhh2zuAKdIg1Aa/cbapnSj0+ull7YJOlPJapwjCv0Sq/O/VYKaJ1dXnc\nSjdGwI3RFZzmCA==\n-----END CERTIFICATE-----\n",
            "cluster_name": "null",
            "cni": "",
            "container_runtime": "docker",
            "cpus": "2",
            "cri_socket": "",
            "delete_on_failure": false,
            "disable_coredns_log": false,
            "disable_driver_mounts": false,
            "disable_metrics": false,
            "disable_optimizations": false,
            "disk_size": "20000mb",
            "dns_domain": "cluster.local",
            "dns_proxy": false,
            "docker_env": null,
            "docker_opt": null,
            "download_only": false,
            "driver": "docker",
            "dry_run": false,
            "embed_certs": false,
            "extra_config": null,
            "extra_disks": 0,
            "feature_gates": "",
            "force": false,
            "force_systemd": false,
            "gpus": null,
            "ha": false,
            "host": "https://192.168.49.2:8443",
            "host_dns_resolver": true,
            "host_only_cidr": "192.168.59.1/24",
            "host_only_nic_type": "virtio",
            "hyperkit_vpnkit_sock": "",
            "hyperkit_vsock_ports": [],
            "hyperv_external_adapter": "",
            "hyperv_use_external_switch": false,
            "hyperv_virtual_switch": "",
            "id": "null",
            "image_mirror_country": null,
            "image_repository": "",
            "insecure_registry": [],
            "install_addons": true,
            "interactive": true,
            "iso_url": [
              "https://github.com/kubernetes/minikube/releases/download/v1.37.0/minikube-v1.37.0-amd64.iso"
            ],
            "keep_context": false,
            "kubernetes_version": null,
            "kvm_gpu": false,
            "kvm_hidden": false,
            "kvm_network": "default",
            "kvm_numa_count": 1,
            "kvm_qemu_uri": "qemu:///system",
            "listen_address": "",
            "memory": "4096mb",
            "mount": false,
            "mount_9p_version": "9p2000.L",
            "mount_gid": "docker",
            "mount_ip": null,
            "mount_msize": 262144,
            "mount_options": null,
            "mount_port": 0,
            "mount_string": "/home:/minikube-host",
            "mount_type": "9p",
            "mount_uid": "docker",
            "namespace": "default",
            "nat_nic_type": "virtio",
            "native_ssh": true,
            "network": "",
            "nfs_share": [],
            "nfs_shares_root": "/nfsshares",
            "no_kubernetes": false,
            "no_vtx_check": false,
            "nodes": 1,
            "output": "text",
            "ports": [],
            "preload": true,
            "qemu_firmware_path": null,
            "registry_mirror": [],
            "service_cluster_ip_range": "10.96.0.0/12",
            "socket_vmnet_client_path": "/usr/local/opt/socket_vmnet/bin/socket_vmnet_client",
            "socket_vmnet_path": "/usr/local/var/run/socket_vmnet",
            "ssh_ip_address": "",
            "ssh_key": "",
            "ssh_port": 22,
            "ssh_user": "root",
            "static_ip": null,
            "subnet": null,
            "trace": null,
            "uuid": "",
            "vm": false,
            "wait": null,
            "wait_timeout": 6
          },
          "sensitive_attributes": [
            [
              {
                "type": "get_attr",
                "value": "client_certificate"
              }
            ],
            [
              {
                "type": "get_attr",
                "value": "client_key"
              }
            ],
            [
              {
                "type": "get_attr",
                "value": "cluster_ca_certificate"
              }
            ]
          ],
          "identity_schema_version": 0,
          "private": "bnVsbA=="
        }
      ]
    }
  ],
  "check_results": null
}
