{
  "version": 4,
  "terraform_version": "1.14.3",
  "serial": 15,
  "lineage": "6e70b2f5-b642-734f-95ae-011fa921d389",
  "outputs": {
    "app_deployment_name": {
      "value": "app",
      "type": "string"
    },
    "app_service_name": {
      "value": "app",
      "type": "string"
    },
    "app_service_nodeport": {
      "value": 30000,
      "type": "number"
    },
    "database_service_name": {
      "value": "database",
      "type": "string"
    },
    "namespace": {
      "value": "library-app",
      "type": "string"
    }
  },
  "resources": [
    {
      "mode": "managed",
      "type": "kubernetes_deployment_v1",
      "name": "app",
      "provider": "provider[\"registry.terraform.io/hashicorp/kubernetes\"]",
      "instances": [
        {
          "schema_version": 1,
          "attributes": {
            "id": "library-app/app",
            "metadata": [
              {
                "annotations": null,
                "generate_name": "",
                "generation": 1,
                "labels": {
                  "app": "django"
                },
                "name": "app",
                "namespace": "library-app",
                "resource_version": "4387",
                "uid": "933e3262-acde-4678-9a55-519caab6637d"
              }
            ],
            "spec": [
              {
                "min_ready_seconds": 0,
                "paused": false,
                "progress_deadline_seconds": 600,
                "replicas": "1",
                "revision_history_limit": 10,
                "selector": [
                  {
                    "match_expressions": [],
                    "match_labels": {
                      "app": "django"
                    }
                  }
                ],
                "strategy": [
                  {
                    "rolling_update": [
                      {
                        "max_surge": "25%",
                        "max_unavailable": "25%"
                      }
                    ],
                    "type": "RollingUpdate"
                  }
                ],
                "template": [
                  {
                    "metadata": [
                      {
                        "annotations": null,
                        "generate_name": "",
                        "generation": 0,
                        "labels": {
                          "app": "django"
                        },
                        "name": "",
                        "namespace": "",
                        "resource_version": "",
                        "uid": ""
                      }
                    ],
                    "spec": [
                      {
                        "active_deadline_seconds": 0,
                        "affinity": [],
                        "automount_service_account_token": true,
                        "container": [
                          {
                            "args": null,
                            "command": [
                              "python",
                              "manage.py",
                              "runserver",
                              "0.0.0.0:8000"
                            ],
                            "env": [
                              {
                                "name": "POSTGRES_DB",
                                "value": "library_db",
                                "value_from": []
                              },
                              {
                                "name": "POSTGRES_USER",
                                "value": "admin",
                                "value_from": []
                              },
                              {
                                "name": "POSTGRES_PASSWORD",
                                "value": "Admin123",
                                "value_from": []
                              },
                              {
                                "name": "DATABASE_HOST",
                                "value": "database",
                                "value_from": []
                              },
                              {
                                "name": "DATABASE_PORT",
                                "value": "5432",
                                "value_from": []
                              }
                            ],
                            "env_from": [],
                            "image": "python:3.12",
                            "image_pull_policy": "IfNotPresent",
                            "lifecycle": [],
                            "liveness_probe": [],
                            "name": "django",
                            "port": [
                              {
                                "container_port": 8000,
                                "host_ip": "",
                                "host_port": 0,
                                "name": "",
                                "protocol": "TCP"
                              }
                            ],
                            "readiness_probe": [],
                            "resources": [
                              {
                                "limits": {
                                  "cpu": "500m",
                                  "memory": "512Mi"
                                },
                                "requests": {
                                  "cpu": "250m",
                                  "memory": "256Mi"
                                }
                              }
                            ],
                            "restart_policy": "",
                            "security_context": [],
                            "startup_probe": [],
                            "stdin": false,
                            "stdin_once": false,
                            "termination_message_path": "/dev/termination-log",
                            "termination_message_policy": "File",
                            "tty": false,
                            "volume_device": [],
                            "volume_mount": [],
                            "working_dir": ""
                          }
                        ],
                        "dns_config": [],
                        "dns_policy": "ClusterFirst",
                        "enable_service_links": true,
                        "host_aliases": [],
                        "host_ipc": false,
                        "host_network": false,
                        "host_pid": false,
                        "hostname": "",
                        "image_pull_secrets": [],
                        "init_container": [],
                        "node_name": "",
                        "node_selector": null,
                        "os": [],
                        "priority_class_name": "",
                        "readiness_gate": [],
                        "restart_policy": "Always",
                        "runtime_class_name": "",
                        "scheduler_name": "default-scheduler",
                        "security_context": [],
                        "service_account_name": "",
                        "share_process_namespace": false,
                        "subdomain": "",
                        "termination_grace_period_seconds": 30,
                        "toleration": [],
                        "topology_spread_constraint": [],
                        "volume": []
                      }
                    ]
                  }
                ]
              }
            ],
            "timeouts": null,
            "wait_for_rollout": false
          },
          "sensitive_attributes": [
            [
              {
                "type": "get_attr",
                "value": "spec"
              },
              {
                "type": "index",
                "value": {
                  "value": 0,
                  "type": "number"
                }
              },
              {
                "type": "get_attr",
                "value": "template"
              },
              {
                "type": "index",
                "value": {
                  "value": 0,
                  "type": "number"
                }
              },
              {
                "type": "get_attr",
                "value": "spec"
              },
              {
                "type": "index",
                "value": {
                  "value": 0,
                  "type": "number"
                }
              },
              {
                "type": "get_attr",
                "value": "container"
              },
              {
                "type": "index",
                "value": {
                  "value": 0,
                  "type": "number"
                }
              },
              {
                "type": "get_attr",
                "value": "env"
              },
              {
                "type": "index",
                "value": {
                  "value": 2,
                  "type": "number"
                }
              },
              {
                "type": "get_attr",
                "value": "value"
              }
            ]
          ],
          "identity_schema_version": 1,
          "identity": {
            "api_version": "apps/v1",
            "kind": "Deployment",
            "name": "app",
            "namespace": "library-app"
          },
          "private": "eyJlMmJmYjczMC1lY2FhLTExZTYtOGY4OC0zNDM2M2JjN2M0YzAiOnsiY3JlYXRlIjo2MDAwMDAwMDAwMDAsImRlbGV0ZSI6NjAwMDAwMDAwMDAwLCJ1cGRhdGUiOjYwMDAwMDAwMDAwMH0sInNjaGVtYV92ZXJzaW9uIjoiMSJ9",
          "dependencies": [
            "kubernetes_namespace_v1.library_ns",
            "kubernetes_service_v1.database_svc"
          ]
        }
      ]
    },
    {
      "mode": "managed",
      "type": "kubernetes_deployment_v1",
      "name": "database",
      "provider": "provider[\"registry.terraform.io/hashicorp/kubernetes\"]",
      "instances": [
        {
          "schema_version": 1,
          "attributes": {
            "id": "library-app/database",
            "metadata": [
              {
                "annotations": null,
                "generate_name": "",
                "generation": 1,
                "labels": {
                  "app": "postgres"
                },
                "name": "database",
                "namespace": "library-app",
                "resource_version": "4406",
                "uid": "eb671f2f-aaba-4717-853d-d274c4335b6f"
              }
            ],
            "spec": [
              {
                "min_ready_seconds": 0,
                "paused": false,
                "progress_deadline_seconds": 600,
                "replicas": "1",
                "revision_history_limit": 10,
                "selector": [
                  {
                    "match_expressions": [],
                    "match_labels": {
                      "app": "postgres"
                    }
                  }
                ],
                "strategy": [
                  {
                    "rolling_update": [
                      {
                        "max_surge": "25%",
                        "max_unavailable": "25%"
                      }
                    ],
                    "type": "RollingUpdate"
                  }
                ],
                "template": [
                  {
                    "metadata": [
                      {
                        "annotations": null,
                        "generate_name": "",
                        "generation": 0,
                        "labels": {
                          "app": "postgres"
                        },
                        "name": "",
                        "namespace": "",
                        "resource_version": "",
                        "uid": ""
                      }
                    ],
                    "spec": [
                      {
                        "active_deadline_seconds": 0,
                        "affinity": [],
                        "automount_service_account_token": true,
                        "container": [
                          {
                            "args": null,
                            "command": null,
                            "env": [],
                            "env_from": [
                              {
                                "config_map_ref": [],
                                "prefix": "",
                                "secret_ref": [
                                  {
                                    "name": "db-credentials",
                                    "optional": false
                                  }
                                ]
                              }
                            ],
                            "image": "postgres:17",
                            "image_pull_policy": "IfNotPresent",
                            "lifecycle": [],
                            "liveness_probe": [
                              {
                                "exec": [
                                  {
                                    "command": [
                                      "pg_isready",
                                      "-U",
                                      "admin"
                                    ]
                                  }
                                ],
                                "failure_threshold": 3,
                                "grpc": [],
                                "http_get": [],
                                "initial_delay_seconds": 15,
                                "period_seconds": 10,
                                "success_threshold": 1,
                                "tcp_socket": [],
                                "timeout_seconds": 1
                              }
                            ],
                            "name": "postgres",
                            "port": [
                              {
                                "container_port": 5432,
                                "host_ip": "",
                                "host_port": 0,
                                "name": "",
                                "protocol": "TCP"
                              }
                            ],
                            "readiness_probe": [
                              {
                                "exec": [
                                  {
                                    "command": [
                                      "pg_isready",
                                      "-U",
                                      "admin"
                                    ]
                                  }
                                ],
                                "failure_threshold": 3,
                                "grpc": [],
                                "http_get": [],
                                "initial_delay_seconds": 5,
                                "period_seconds": 5,
                                "success_threshold": 1,
                                "tcp_socket": [],
                                "timeout_seconds": 1
                              }
                            ],
                            "resources": [
                              {
                                "limits": {
                                  "cpu": "500m",
                                  "memory": "512Mi"
                                },
                                "requests": {
                                  "cpu": "250m",
                                  "memory": "256Mi"
                                }
                              }
                            ],
                            "restart_policy": "",
                            "security_context": [],
                            "startup_probe": [],
                            "stdin": false,
                            "stdin_once": false,
                            "termination_message_path": "/dev/termination-log",
                            "termination_message_policy": "File",
                            "tty": false,
                            "volume_device": [],
                            "volume_mount": [
                              {
                                "mount_path": "/var/lib/postgresql/data",
                                "mount_propagation": "None",
                                "name": "postgres-storage",
                                "read_only": false,
                                "sub_path": "postgres",
                                "sub_path_expr": ""
                              }
                            ],
                            "working_dir": ""
                          }
                        ],
                        "dns_config": [],
                        "dns_policy": "ClusterFirst",
                        "enable_service_links": true,
                        "host_aliases": [],
                        "host_ipc": false,
                        "host_network": false,
                        "host_pid": false,
                        "hostname": "",
                        "image_pull_secrets": [],
                        "init_container": [],
                        "node_name": "",
                        "node_selector": null,
                        "os": [],
                        "priority_class_name": "",
                        "readiness_gate": [],
                        "restart_policy": "Always",
                        "runtime_class_name": "",
                        "scheduler_name": "default-scheduler",
                        "security_context": [],
                        "service_account_name": "",
                        "share_process_namespace": false,
                        "subdomain": "",
                        "termination_grace_period_seconds": 30,
                        "toleration": [],
                        "topology_spread_constraint": [],
                        "volume": [
                          {
                            "aws_elastic_block_store": [],
                            "azure_disk": [],
                            "azure_file": [],
                            "ceph_fs": [],
                            "cinder": [],
                            "config_map": [],
                            "csi": [],
                            "downward_api": [],
                            "empty_dir": [],
                            "ephemeral": [],
                            "fc": [],
                            "flex_volume": [],
                            "flocker": [],
                            "gce_persistent_disk": [],
                            "git_repo": [],
                            "glusterfs": [],
                            "host_path": [],
                            "iscsi": [],
                            "local": [],
                            "name": "postgres-storage",
                            "nfs": [],
                            "persistent_volume_claim": [
                              {
                                "claim_name": "postgres-pvc",
                                "read_only": false
                              }
                            ],
                            "photon_persistent_disk": [],
                            "projected": [],
                            "quobyte": [],
                            "rbd": [],
                            "secret": [],
                            "vsphere_volume": []
                          }
                        ]
                      }
                    ]
                  }
                ]
              }
            ],
            "timeouts": null,
            "wait_for_rollout": false
          },
          "sensitive_attributes": [],
          "identity_schema_version": 1,
          "identity": {
            "api_version": "apps/v1",
            "kind": "Deployment",
            "name": "database",
            "namespace": "library-app"
          },
          "private": "eyJlMmJmYjczMC1lY2FhLTExZTYtOGY4OC0zNDM2M2JjN2M0YzAiOnsiY3JlYXRlIjo2MDAwMDAwMDAwMDAsImRlbGV0ZSI6NjAwMDAwMDAwMDAwLCJ1cGRhdGUiOjYwMDAwMDAwMDAwMH0sInNjaGVtYV92ZXJzaW9uIjoiMSJ9",
          "dependencies": [
            "kubernetes_namespace_v1.library_ns",
            "kubernetes_persistent_volume_claim_v1.postgres_pvc",
            "kubernetes_secret_v1.db_secret"
          ]
        }
      ]
    },
    {
      "mode": "managed",
      "type": "kubernetes_ingress_v1",
      "name": "app_ingress",
      "provider": "provider[\"registry.terraform.io/hashicorp/kubernetes\"]",
      "instances": [
        {
          "schema_version": 0,
          "attributes": {
            "id": "library-app/library-app-ingress",
            "metadata": [
              {
                "annotations": {
                  "kubernetes.io/ingress.class": "nginx",
                  "nginx.ingress.kubernetes.io/auth-realm": "Library App",
                  "nginx.ingress.kubernetes.io/auth-secret": "library-app-auth",
                  "nginx.ingress.kubernetes.io/auth-type": "basic",
                  "nginx.org/controller-class": "nginx"
                },
                "generate_name": "",
                "generation": 1,
                "labels": null,
                "name": "library-app-ingress",
                "namespace": "library-app",
                "resource_version": "4405",
                "uid": "d7b83a03-acf4-49fd-a61e-6bdd8ae91212"
              }
            ],
            "spec": [
              {
                "default_backend": [],
                "ingress_class_name": "",
                "rule": [
                  {
                    "host": "library.local",
                    "http": [
                      {
                        "path": [
                          {
                            "backend": [
                              {
                                "resource": [],
                                "service": [
                                  {
                                    "name": "app",
                                    "port": [
                                      {
                                        "name": "",
                                        "number": 8000
                                      }
                                    ]
                                  }
                                ]
                              }
                            ],
                            "path": "/",
                            "path_type": "Prefix"
                          }
                        ]
                      }
                    ]
                  }
                ],
                "tls": [
                  {
                    "hosts": [
                      "library.local"
                    ],
                    "secret_name": "library-app-tls"
                  }
                ]
              }
            ],
            "status": [
              {
                "load_balancer": [
                  {
                    "ingress": []
                  }
                ]
              }
            ],
            "timeouts": null,
            "wait_for_load_balancer": null
          },
          "sensitive_attributes": [],
          "identity_schema_version": 1,
          "identity": {
            "api_version": "networking.k8s.io/v1",
            "kind": "Ingress",
            "name": "library-app-ingress",
            "namespace": "library-app"
          },
          "private": "eyJlMmJmYjczMC1lY2FhLTExZTYtOGY4OC0zNDM2M2JjN2M0YzAiOnsiY3JlYXRlIjoxMjAwMDAwMDAwMDAwLCJkZWxldGUiOjEyMDAwMDAwMDAwMDB9fQ==",
          "dependencies": [
            "kubernetes_deployment_v1.app",
            "kubernetes_namespace_v1.library_ns",
            "kubernetes_secret_v1.basic_auth",
            "kubernetes_secret_v1.tls_cert",
            "kubernetes_service_v1.app_service",
            "kubernetes_service_v1.database_svc",
            "tls_private_key.library_app",
            "tls_self_signed_cert.library_app"
          ]
        }
      ]
    },
    {
      "mode": "managed",
      "type": "kubernetes_namespace_v1",
      "name": "library_ns",
      "provider": "provider[\"registry.terraform.io/hashicorp/kubernetes\"]",
      "instances": [
        {
          "schema_version": 0,
          "attributes": {
            "id": "library-app",
            "metadata": [
              {
                "annotations": null,
                "generate_name": "",
                "generation": 0,
                "labels": null,
                "name": "library-app",
                "resource_version": "4366",
                "uid": "2b011fb6-a378-4f18-9713-bbd92bc57eec"
              }
            ],
            "timeouts": null,
            "wait_for_default_service_account": false
          },
          "sensitive_attributes": [],
          "identity_schema_version": 1,
          "identity": {
            "api_version": "v1",
            "kind": "Namespace",
            "name": "library-app"
          },
          "private": "eyJlMmJmYjczMC1lY2FhLTExZTYtOGY4OC0zNDM2M2JjN2M0YzAiOnsiZGVsZXRlIjozMDAwMDAwMDAwMDB9fQ=="
        }
      ]
    },
    {
      "mode": "managed",
      "type": "kubernetes_persistent_volume_claim_v1",
      "name": "postgres_pvc",
      "provider": "provider[\"registry.terraform.io/hashicorp/kubernetes\"]",
      "instances": [
        {
          "schema_version": 0,
          "attributes": {
            "id": "library-app/postgres-pvc",
            "metadata": [
              {
                "annotations": null,
                "generate_name": "",
                "generation": 0,
                "labels": null,
                "name": "postgres-pvc",
                "namespace": "library-app",
                "resource_version": "4386",
                "uid": "3f773a57-d332-4a0e-a06b-c3e45e04297e"
              }
            ],
            "spec": [
              {
                "access_modes": [
                  "ReadWriteOnce"
                ],
                "resources": [
                  {
                    "limits": null,
                    "requests": {
                      "storage": "10Gi"
                    }
                  }
                ],
                "selector": [],
                "storage_class_name": "standard",
                "volume_mode": "Filesystem",
                "volume_name": "pvc-3f773a57-d332-4a0e-a06b-c3e45e04297e"
              }
            ],
            "timeouts": null,
            "wait_until_bound": true
          },
          "sensitive_attributes": [],
          "identity_schema_version": 0,
          "private": "eyJlMmJmYjczMC1lY2FhLTExZTYtOGY4OC0zNDM2M2JjN2M0YzAiOnsiY3JlYXRlIjozMDAwMDAwMDAwMDB9fQ==",
          "dependencies": [
            "kubernetes_namespace_v1.library_ns"
          ]
        }
      ]
    },
    {
      "mode": "managed",
      "type": "kubernetes_secret_v1",
      "name": "basic_auth",
      "provider": "provider[\"registry.terraform.io/hashicorp/kubernetes\"]",
      "instances": [
        {
          "schema_version": 0,
          "attributes": {
            "binary_data": null,
            "binary_data_wo": null,
            "binary_data_wo_revision": null,
            "data": {
              "auth": "YWRtaW46bGlicmFyeTEyMw=="
            },
            "data_wo": null,
            "data_wo_revision": null,
            "id": "library-app/library-app-auth",
            "immutable": false,
            "metadata": [
              {
                "annotations": null,
                "generate_name": "",
                "generation": 0,
                "labels": null,
                "name": "library-app-auth",
                "namespace": "library-app",
                "resource_version": "4372",
                "uid": "1bc3e19d-b168-4264-8a66-e0b150c1c30c"
              }
            ],
            "timeouts": null,
            "type": "Opaque",
            "wait_for_service_account_token": true
          },
          "sensitive_attributes": [
            [
              {
                "type": "get_attr",
                "value": "binary_data"
              }
            ],
            [
              {
                "type": "get_attr",
                "value": "data"
              }
            ],
            [
              {
                "type": "get_attr",
                "value": "data"
              },
              {
                "type": "index",
                "value": {
                  "value": "auth",
                  "type": "string"
                }
              }
            ]
          ],
          "identity_schema_version": 1,
          "identity": {
            "api_version": "v1",
            "kind": "Secret",
            "name": "library-app-auth",
            "namespace": "library-app"
          },
          "private": "eyJlMmJmYjczMC1lY2FhLTExZTYtOGY4OC0zNDM2M2JjN2M0YzAiOnsiY3JlYXRlIjo2MDAwMDAwMDAwMH19",
          "dependencies": [
            "kubernetes_namespace_v1.library_ns"
          ]
        }
      ]
    },
    {
      "mode": "managed",
      "type": "kubernetes_secret_v1",
      "name": "db_secret",
      "provider": "provider[\"registry.terraform.io/hashicorp/kubernetes\"]",
      "instances": [
        {
          "schema_version": 0,
          "attributes": {
            "binary_data": null,
            "binary_data_wo": null,
            "binary_data_wo_revision": null,
            "data": {
              "POSTGRES_DB": "library_db",
              "POSTGRES_PASSWORD": "Admin123",
              "POSTGRES_USER": "admin"
            },
            "data_wo": null,
            "data_wo_revision": null,
            "id": "library-app/db-credentials",
            "immutable": false,
            "metadata": [
              {
                "annotations": null,
                "generate_name": "",
                "generation": 0,
                "labels": null,
                "name": "db-credentials",
                "namespace": "library-app",
                "resource_version": "4370",
                "uid": "e7c319f8-5ee6-4ded-a6f2-1fd47ba9b9c3"
              }
            ],
            "timeouts": null,
            "type": "Opaque",
            "wait_for_service_account_token": true
          },
          "sensitive_attributes": [
            [
              {
                "type": "get_attr",
                "value": "binary_data"
              }
            ],
            [
              {
                "type": "get_attr",
                "value": "data"
              }
            ],
            [
              {
                "type": "get_attr",
                "value": "data"
              },
              {
                "type": "index",
                "value": {
                  "value": "POSTGRES_PASSWORD",
                  "type": "string"
                }
              }
            ]
          ],
          "identity_schema_version": 1,
          "identity": {
            "api_version": "v1",
            "kind": "Secret",
            "name": "db-credentials",
            "namespace": "library-app"
          },
          "private": "eyJlMmJmYjczMC1lY2FhLTExZTYtOGY4OC0zNDM2M2JjN2M0YzAiOnsiY3JlYXRlIjo2MDAwMDAwMDAwMH19",
          "dependencies": [
            "kubernetes_namespace_v1.library_ns"
          ]
        }
      ]
    },
    {
      "mode": "managed",
      "type": "kubernetes_secret_v1",
      "name": "tls_cert",
      "provider": "provider[\"registry.terraform.io/hashicorp/kubernetes\"]",
      "instances": [
        {
          "schema_version": 0,
          "attributes": {
            "binary_data": null,
            "binary_data_wo": null,
            "binary_data_wo_revision": null,
            "data": {
              "tls.crt": "-----BEGIN CERTIFICATE-----\nMIIDHDCCAgSgAwIBAgIRAMAorCjx9xMxWN203GAm/3IwDQYJKoZIhvcNAQELBQAw\nLjEUMBIGA1UEChMLTGlicmFyeSBBcHAxFjAUBgNVBAMTDWxpYnJhcnkubG9jYWww\nHhcNMjYwMTE3MTI1MzMwWhcNMjYwMTIxMTY1MzMwWjAuMRQwEgYDVQQKEwtMaWJy\nYXJ5IEFwcDEWMBQGA1UEAxMNbGlicmFyeS5sb2NhbDCCASIwDQYJKoZIhvcNAQEB\nBQADggEPADCCAQoCggEBAMQZdjwxvSZNQnaNEiwodHrPMYgBeCwGYCmxqeGzK1U5\neFWgMNrHDbN/WY3Zkk0fAnzWyo6qZSbGTZ/lH77qaxPSBBQ8yYmnY3gPUD7UqgAU\nEtAtdCqx7gBlZg6i1/L8QazPeKjuxJqTtYFncM8y+i0XiKKxVZzvL63eluQJW51i\nsAVINQByxmB0o0ND1/6MPMDkr77y/a3hWVDvqlDr/d5nio3D/8RzvXbnWzfesCoj\nxv0qo5leSfjujypolbuFtSLzH1tAT6ZCSRYUIXn6YQmag8C+ou1uw9OGDmtzk2hm\nXJklpr4tNDT5ezf7vvM+8fSIl4hj8mwDQY9pMWnGBOkCAwEAAaM1MDMwDgYDVR0P\nAQH/BAQDAgWgMBMGA1UdJQQMMAoGCCsGAQUFBwMBMAwGA1UdEwEB/wQCMAAwDQYJ\nKoZIhvcNAQELBQADggEBAIoG6w2GvpHFUn2koqK1FdB6xUizvi58GDqA4m4H+eJS\n1g3x+Z9nbnSoTcZTbHSS77eDOhgS205MIpZCVVdepY+giJJ9KavS1VuNu9U/Zsru\nQl517JORpnb2O+TCO4Ov09XV9Wmb4PsrBcuGIEZoQBuPQeeTsvlWS0bLYX/CsUw6\nHrlj4y8pqjUeboQw6OcDvPsn3ohm5bGUPMBQBuCTCFoIFlEr3mqdvL1NkS0AQo6J\n7d73aF1pZ1P5xAw/xmlNF80ngp/oRGYjxz+eQKxJKmPnR8CSeWgOSboUjZvQfWSz\nA8abAM+PRPQqknqnNYPbDOJuWa+Y/yNKewrP6yEh30A=\n-----END CERTIFICATE-----\n",
              "tls.key": "-----BEGIN RSA PRIVATE KEY-----\nMIIEowIBAAKCAQEAxBl2PDG9Jk1Cdo0SLCh0es8xiAF4LAZgKbGp4bMrVTl4VaAw\n2scNs39ZjdmSTR8CfNbKjqplJsZNn+UfvuprE9IEFDzJiadjeA9QPtSqABQS0C10\nKrHuAGVmDqLX8vxBrM94qO7EmpO1gWdwzzL6LReIorFVnO8vrd6W5AlbnWKwBUg1\nAHLGYHSjQ0PX/ow8wOSvvvL9reFZUO+qUOv93meKjcP/xHO9dudbN96wKiPG/Sqj\nmV5J+O6PKmiVu4W1IvMfW0BPpkJJFhQhefphCZqDwL6i7W7D04YOa3OTaGZcmSWm\nvi00NPl7N/u+8z7x9IiXiGPybANBj2kxacYE6QIDAQABAoIBAD10h0/M/Ky0uLgD\ndOb+1KYqKakoYLtXUiqu4YD4kAN468PV3ImrqRkQN4YTYdymc7ag78DvGJ0it2/9\nM8o2l9ER17Jp7HUlzq/xCKJwLkixAcZZAFdjBKX+IRJEKW4ebQyVxogWr+mLke3Y\nd4uPu8SG5Aysi5qPgP85y0ryvdHf72FxWJeN96Y7tvUkNhlczeas8IrFjy1Ookoj\nI3ipAXwypbTIh5bBSlN1OHoJnpfbJ2yRoVQRcIuzIeEoGB2BDFqtBiLewoG4dQid\nr0yPaoRjHGJk2YSP5GRTr6ZGTBK4jGXkGjXiO40zTDHvBZv5gSbxSb/5O2ctdZ4I\nv1IakrMCgYEA0G3w+TW7Bg11wV9PXRP4qzNU+2wHgfocygeKvYLznetYOWVCLZmk\ni+330zjTWnJuzOeY5JY5DOe9R+sRqt1veXxXrF0/ieIAPcClkKRsKn3YuJ8zeUs4\nGsAIy5nKYOr1d7E+MOOGajdZfFWMJkUzE9IFCPqHVBIKULXhpsOXgUcCgYEA8Nsb\nWqrbqJ1KlrgvJaV+ZP411vDuA52bxM4w2PBXUHW8Ixc3T3ZGy2rQm55E/lYVLHGh\nc9sRr8zZFeKC4dkq6C+5LEIQ7yR3AjCvI3y7RvH+n2GFOw3B6DMHjCwlmZuUETSB\nC57HjXCEdo1jfjFtCEcRBOTjcCjW6Mqkdfdh4E8CgYEApFf76NR3+kbEscuQDWlA\n6uTXvkMpDFCFQLt/pvxJURyPfPodm00JVJg3j6G/7RJL0V9Py/WzWDyln753OM3P\nJvBnRO5lujesTwTGx20OKNb/+lr1QE+SFm2Swc8qpw68rDriObQ9eSTZd1MQ5eAs\nbRVtiO3ZpO1wmsE/Aro4jOMCgYBB4j2WTJxvgC8yEUncS2vKpnsFw7vnw0ojyJ82\nCHBp8vq2wpf/pYPyCtLrbpzC0btS//ZBIdCxvSA4y1AwBV6mSr+laqEFOX1QXQ7b\nbzgvTOzwnhV6tOWw5ZyP7FeQsC0Nk8Yk7pb5iqjBYSWxFEYV+JKgOxg3ywQWg6//\nEN92IwKBgFdpMiqUadg9dq5XRjt3IIgCJqV+9WUI6M4is+lB1554ZZ/4ifM+gcaI\nIcRqCgdNZRX2KwDA5TPg3ZvVMPKWRJh7VZWaH086Sjld8ojiLRXGhtwNoOb3UvwY\nriH/Qu8w/fiRFwImPW0J87uGb/HtI0GhzOI9Wlyfeet+bSIoPW8l\n-----END RSA PRIVATE KEY-----\n"
            },
            "data_wo": null,
            "data_wo_revision": null,
            "id": "library-app/library-app-tls",
            "immutable": false,
            "metadata": [
              {
                "annotations": null,
                "generate_name": "",
                "generation": 0,
                "labels": null,
                "name": "library-app-tls",
                "namespace": "library-app",
                "resource_version": "4371",
                "uid": "8d825fb7-7446-4991-8b40-cfaea05d0ecf"
              }
            ],
            "timeouts": null,
            "type": "kubernetes.io/tls",
            "wait_for_service_account_token": true
          },
          "sensitive_attributes": [
            [
              {
                "type": "get_attr",
                "value": "binary_data"
              }
            ],
            [
              {
                "type": "get_attr",
                "value": "data"
              }
            ],
            [
              {
                "type": "get_attr",
                "value": "data"
              },
              {
                "type": "index",
                "value": {
                  "value": "tls.key",
                  "type": "string"
                }
              }
            ]
          ],
          "identity_schema_version": 1,
          "identity": {
            "api_version": "v1",
            "kind": "Secret",
            "name": "library-app-tls",
            "namespace": "library-app"
          },
          "private": "eyJlMmJmYjczMC1lY2FhLTExZTYtOGY4OC0zNDM2M2JjN2M0YzAiOnsiY3JlYXRlIjo2MDAwMDAwMDAwMH19",
          "dependencies": [
            "kubernetes_namespace_v1.library_ns",
            "tls_private_key.library_app",
            "tls_self_signed_cert.library_app"
          ]
        }
      ]
    },
    {
      "mode": "managed",
      "type": "kubernetes_service_v1",
      "name": "app_service",
      "provider": "provider[\"registry.terraform.io/hashicorp/kubernetes\"]",
      "instances": [
        {
          "schema_version": 1,
          "attributes": {
            "id": "library-app/app",
            "metadata": [
              {
                "annotations": null,
                "generate_name": "",
                "generation": 0,
                "labels": null,
                "name": "app",
                "namespace": "library-app",
                "resource_version": "4402",
                "uid": "3a435a3c-9f70-475d-8d1a-6d888c0a14c8"
              }
            ],
            "spec": [
              {
                "allocate_load_balancer_node_ports": true,
                "cluster_ip": "10.103.72.98",
                "cluster_ips": [
                  "10.103.72.98"
                ],
                "external_ips": null,
                "external_name": "",
                "external_traffic_policy": "Cluster",
                "health_check_node_port": 0,
                "internal_traffic_policy": "Cluster",
                "ip_families": [
                  "IPv4"
                ],
                "ip_family_policy": "SingleStack",
                "load_balancer_class": "",
                "load_balancer_ip": "",
                "load_balancer_source_ranges": null,
                "port": [
                  {
                    "app_protocol": "",
                    "name": "",
                    "node_port": 30000,
                    "port": 8000,
                    "protocol": "TCP",
                    "target_port": "8000"
                  }
                ],
                "publish_not_ready_addresses": false,
                "selector": {
                  "app": "django"
                },
                "session_affinity": "None",
                "session_affinity_config": [],
                "type": "NodePort"
              }
            ],
            "status": [
              {
                "load_balancer": [
                  {
                    "ingress": []
                  }
                ]
              }
            ],
            "timeouts": null,
            "wait_for_load_balancer": true
          },
          "sensitive_attributes": [],
          "identity_schema_version": 1,
          "identity": {
            "api_version": "v1",
            "kind": "Service",
            "name": "app",
            "namespace": "library-app"
          },
          "private": "eyJlMmJmYjczMC1lY2FhLTExZTYtOGY4OC0zNDM2M2JjN2M0YzAiOnsiY3JlYXRlIjo2MDAwMDAwMDAwMDB9LCJzY2hlbWFfdmVyc2lvbiI6IjEifQ==",
          "dependencies": [
            "kubernetes_deployment_v1.app",
            "kubernetes_namespace_v1.library_ns",
            "kubernetes_service_v1.database_svc"
          ]
        }
      ]
    },
    {
      "mode": "managed",
      "type": "kubernetes_service_v1",
      "name": "database_svc",
      "provider": "provider[\"registry.terraform.io/hashicorp/kubernetes\"]",
      "instances": [
        {
          "schema_version": 1,
          "attributes": {
            "id": "library-app/database",
            "metadata": [
              {
                "annotations": null,
                "generate_name": "",
                "generation": 0,
                "labels": null,
                "name": "database",
                "namespace": "library-app",
                "resource_version": "4375",
                "uid": "eb533a02-2cc3-40fa-b481-d63fbfd84fc4"
              }
            ],
            "spec": [
              {
                "allocate_load_balancer_node_ports": true,
                "cluster_ip": "10.108.250.217",
                "cluster_ips": [
                  "10.108.250.217"
                ],
                "external_ips": null,
                "external_name": "",
                "external_traffic_policy": "",
                "health_check_node_port": 0,
                "internal_traffic_policy": "Cluster",
                "ip_families": [
                  "IPv4"
                ],
                "ip_family_policy": "SingleStack",
                "load_balancer_class": "",
                "load_balancer_ip": "",
                "load_balancer_source_ranges": null,
                "port": [
                  {
                    "app_protocol": "",
                    "name": "",
                    "node_port": 0,
                    "port": 5432,
                    "protocol": "TCP",
                    "target_port": "5432"
                  }
                ],
                "publish_not_ready_addresses": false,
                "selector": {
                  "app": "postgres"
                },
                "session_affinity": "None",
                "session_affinity_config": [],
                "type": "ClusterIP"
              }
            ],
            "status": [
              {
                "load_balancer": [
                  {
                    "ingress": []
                  }
                ]
              }
            ],
            "timeouts": null,
            "wait_for_load_balancer": true
          },
          "sensitive_attributes": [],
          "identity_schema_version": 1,
          "identity": {
            "api_version": "v1",
            "kind": "Service",
            "name": "database",
            "namespace": "library-app"
          },
          "private": "eyJlMmJmYjczMC1lY2FhLTExZTYtOGY4OC0zNDM2M2JjN2M0YzAiOnsiY3JlYXRlIjo2MDAwMDAwMDAwMDB9LCJzY2hlbWFfdmVyc2lvbiI6IjEifQ==",
          "dependencies": [
            "kubernetes_namespace_v1.library_ns"
          ]
        }
      ]
    },
    {
      "mode": "managed",
      "type": "tls_private_key",
      "name": "library_app",
      "provider": "provider[\"registry.terraform.io/hashicorp/tls\"]",
      "instances": [
        {
          "schema_version": 1,
          "attributes": {
            "algorithm": "RSA",
            "ecdsa_curve": "P224",
            "id": "c78b298c63f994f45d939f4cff784a6ea2f2ed32",
            "private_key_openssh": "-----BEGIN OPENSSH PRIVATE KEY-----\nb3BlbnNzaC1rZXktdjEAAAAABG5vbmUAAAAEbm9uZQAAAAAAAAABAAABFwAAAAdz\nc2gtcnNhAAAAAwEAAQAAAQEAxBl2PDG9Jk1Cdo0SLCh0es8xiAF4LAZgKbGp4bMr\nVTl4VaAw2scNs39ZjdmSTR8CfNbKjqplJsZNn+UfvuprE9IEFDzJiadjeA9QPtSq\nABQS0C10KrHuAGVmDqLX8vxBrM94qO7EmpO1gWdwzzL6LReIorFVnO8vrd6W5Alb\nnWKwBUg1AHLGYHSjQ0PX/ow8wOSvvvL9reFZUO+qUOv93meKjcP/xHO9dudbN96w\nKiPG/SqjmV5J+O6PKmiVu4W1IvMfW0BPpkJJFhQhefphCZqDwL6i7W7D04YOa3OT\naGZcmSWmvi00NPl7N/u+8z7x9IiXiGPybANBj2kxacYE6QAAA7iacBKBmnASgQAA\nAAdzc2gtcnNhAAABAQDEGXY8Mb0mTUJ2jRIsKHR6zzGIAXgsBmApsanhsytVOXhV\noDDaxw2zf1mN2ZJNHwJ81sqOqmUmxk2f5R++6msT0gQUPMmJp2N4D1A+1KoAFBLQ\nLXQqse4AZWYOotfy/EGsz3io7sSak7WBZ3DPMvotF4iisVWc7y+t3pbkCVudYrAF\nSDUAcsZgdKNDQ9f+jDzA5K++8v2t4VlQ76pQ6/3eZ4qNw//Ec71251s33rAqI8b9\nKqOZXkn47o8qaJW7hbUi8x9bQE+mQkkWFCF5+mEJmoPAvqLtbsPThg5rc5NoZlyZ\nJaa+LTQ0+Xs3+77zPvH0iJeIY/JsA0GPaTFpxgTpAAAAAwEAAQAAAQA9dIdPzPys\ntLi4A3Tm/tSmKimpKGC7V1IqruGA+JADeOvD1dyJq6kZEDeGE2HcpnO2oO/A7xid\nIrdv/TPKNpfREdeyaex1Jc6v8QiicC5IsQHGWQBXYwSl/iESRCluHm0MlcaIFq/p\ni5Ht2HeLj7vEhuQMrIuaj4D/OctK8r3R3+9hcViXjfemO7b1JDYZXM3mrPCKxY8t\nTqJKIyN4qQF8MqW0yIeWwUpTdTh6CZ6X2ydskaFUEXCLsyHhKBgdgQxarQYi3sKB\nuHUIna9Mj2qEYxxiZNmEj+RkU6+mRkwSuIxl5Bo14juNM0wx7wWb+YEm8Um/+Ttn\nLXWeCL9SGpKzAAAAgFdpMiqUadg9dq5XRjt3IIgCJqV+9WUI6M4is+lB1554ZZ/4\nifM+gcaIIcRqCgdNZRX2KwDA5TPg3ZvVMPKWRJh7VZWaH086Sjld8ojiLRXGhtwN\noOb3UvwYriH/Qu8w/fiRFwImPW0J87uGb/HtI0GhzOI9Wlyfeet+bSIoPW8lAAAA\ngQDQbfD5NbsGDXXBX09dE/irM1T7bAeB+hzKB4q9gvOd61g5ZUItmaSL7ffTONNa\ncm7M55jkljkM571H6xGq3W95fFesXT+J4gA9wKWQpGwqfdi4nzN5SzgawAjLmcpg\n6vV3sT4w44ZqN1l8VYwmRTMT0gUI+odUEgpQteGmw5eBRwAAAIEA8NsbWqrbqJ1K\nlrgvJaV+ZP411vDuA52bxM4w2PBXUHW8Ixc3T3ZGy2rQm55E/lYVLHGhc9sRr8zZ\nFeKC4dkq6C+5LEIQ7yR3AjCvI3y7RvH+n2GFOw3B6DMHjCwlmZuUETSBC57HjXCE\ndo1jfjFtCEcRBOTjcCjW6Mqkdfdh4E8AAAAAAQID\n-----END OPENSSH PRIVATE KEY-----\n",
            "private_key_pem": "-----BEGIN RSA PRIVATE KEY-----\nMIIEowIBAAKCAQEAxBl2PDG9Jk1Cdo0SLCh0es8xiAF4LAZgKbGp4bMrVTl4VaAw\n2scNs39ZjdmSTR8CfNbKjqplJsZNn+UfvuprE9IEFDzJiadjeA9QPtSqABQS0C10\nKrHuAGVmDqLX8vxBrM94qO7EmpO1gWdwzzL6LReIorFVnO8vrd6W5AlbnWKwBUg1\nAHLGYHSjQ0PX/ow8wOSvvvL9reFZUO+qUOv93meKjcP/xHO9dudbN96wKiPG/Sqj\nmV5J+O6PKmiVu4W1IvMfW0BPpkJJFhQhefphCZqDwL6i7W7D04YOa3OTaGZcmSWm\nvi00NPl7N/u+8z7x9IiXiGPybANBj2kxacYE6QIDAQABAoIBAD10h0/M/Ky0uLgD\ndOb+1KYqKakoYLtXUiqu4YD4kAN468PV3ImrqRkQN4YTYdymc7ag78DvGJ0it2/9\nM8o2l9ER17Jp7HUlzq/xCKJwLkixAcZZAFdjBKX+IRJEKW4ebQyVxogWr+mLke3Y\nd4uPu8SG5Aysi5qPgP85y0ryvdHf72FxWJeN96Y7tvUkNhlczeas8IrFjy1Ookoj\nI3ipAXwypbTIh5bBSlN1OHoJnpfbJ2yRoVQRcIuzIeEoGB2BDFqtBiLewoG4dQid\nr0yPaoRjHGJk2YSP5GRTr6ZGTBK4jGXkGjXiO40zTDHvBZv5gSbxSb/5O2ctdZ4I\nv1IakrMCgYEA0G3w+TW7Bg11wV9PXRP4qzNU+2wHgfocygeKvYLznetYOWVCLZmk\ni+330zjTWnJuzOeY5JY5DOe9R+sRqt1veXxXrF0/ieIAPcClkKRsKn3YuJ8zeUs4\nGsAIy5nKYOr1d7E+MOOGajdZfFWMJkUzE9IFCPqHVBIKULXhpsOXgUcCgYEA8Nsb\nWqrbqJ1KlrgvJaV+ZP411vDuA52bxM4w2PBXUHW8Ixc3T3ZGy2rQm55E/lYVLHGh\nc9sRr8zZFeKC4dkq6C+5LEIQ7yR3AjCvI3y7RvH+n2GFOw3B6DMHjCwlmZuUETSB\nC57HjXCEdo1jfjFtCEcRBOTjcCjW6Mqkdfdh4E8CgYEApFf76NR3+kbEscuQDWlA\n6uTXvkMpDFCFQLt/pvxJURyPfPodm00JVJg3j6G/7RJL0V9Py/WzWDyln753OM3P\nJvBnRO5lujesTwTGx20OKNb/+lr1QE+SFm2Swc8qpw68rDriObQ9eSTZd1MQ5eAs\nbRVtiO3ZpO1wmsE/Aro4jOMCgYBB4j2WTJxvgC8yEUncS2vKpnsFw7vnw0ojyJ82\nCHBp8vq2wpf/pYPyCtLrbpzC0btS//ZBIdCxvSA4y1AwBV6mSr+laqEFOX1QXQ7b\nbzgvTOzwnhV6tOWw5ZyP7FeQsC0Nk8Yk7pb5iqjBYSWxFEYV+JKgOxg3ywQWg6//\nEN92IwKBgFdpMiqUadg9dq5XRjt3IIgCJqV+9WUI6M4is+lB1554ZZ/4ifM+gcaI\nIcRqCgdNZRX2KwDA5TPg3ZvVMPKWRJh7VZWaH086Sjld8ojiLRXGhtwNoOb3UvwY\nriH/Qu8w/fiRFwImPW0J87uGb/HtI0GhzOI9Wlyfeet+bSIoPW8l\n-----END RSA PRIVATE KEY-----\n",
            "private_key_pem_pkcs8": "-----BEGIN PRIVATE KEY-----\nMIIEvQIBADANBgkqhkiG9w0BAQEFAASCBKcwggSjAgEAAoIBAQDEGXY8Mb0mTUJ2\njRIsKHR6zzGIAXgsBmApsanhsytVOXhVoDDaxw2zf1mN2ZJNHwJ81sqOqmUmxk2f\n5R++6msT0gQUPMmJp2N4D1A+1KoAFBLQLXQqse4AZWYOotfy/EGsz3io7sSak7WB\nZ3DPMvotF4iisVWc7y+t3pbkCVudYrAFSDUAcsZgdKNDQ9f+jDzA5K++8v2t4VlQ\n76pQ6/3eZ4qNw//Ec71251s33rAqI8b9KqOZXkn47o8qaJW7hbUi8x9bQE+mQkkW\nFCF5+mEJmoPAvqLtbsPThg5rc5NoZlyZJaa+LTQ0+Xs3+77zPvH0iJeIY/JsA0GP\naTFpxgTpAgMBAAECggEAPXSHT8z8rLS4uAN05v7UpiopqShgu1dSKq7hgPiQA3jr\nw9XciaupGRA3hhNh3KZztqDvwO8YnSK3b/0zyjaX0RHXsmnsdSXOr/EIonAuSLEB\nxlkAV2MEpf4hEkQpbh5tDJXGiBav6YuR7dh3i4+7xIbkDKyLmo+A/znLSvK90d/v\nYXFYl433pju29SQ2GVzN5qzwisWPLU6iSiMjeKkBfDKltMiHlsFKU3U4egmel9sn\nbJGhVBFwi7Mh4SgYHYEMWq0GIt7Cgbh1CJ2vTI9qhGMcYmTZhI/kZFOvpkZMEriM\nZeQaNeI7jTNMMe8Fm/mBJvFJv/k7Zy11ngi/UhqSswKBgQDQbfD5NbsGDXXBX09d\nE/irM1T7bAeB+hzKB4q9gvOd61g5ZUItmaSL7ffTONNacm7M55jkljkM571H6xGq\n3W95fFesXT+J4gA9wKWQpGwqfdi4nzN5SzgawAjLmcpg6vV3sT4w44ZqN1l8VYwm\nRTMT0gUI+odUEgpQteGmw5eBRwKBgQDw2xtaqtuonUqWuC8lpX5k/jXW8O4DnZvE\nzjDY8FdQdbwjFzdPdkbLatCbnkT+VhUscaFz2xGvzNkV4oLh2SroL7ksQhDvJHcC\nMK8jfLtG8f6fYYU7DcHoMweMLCWZm5QRNIELnseNcIR2jWN+MW0IRxEE5ONwKNbo\nyqR192HgTwKBgQCkV/vo1Hf6RsSxy5ANaUDq5Ne+QykMUIVAu3+m/ElRHI98+h2b\nTQlUmDePob/tEkvRX0/L9bNYPKWfvnc4zc8m8GdE7mW6N6xPBMbHbQ4o1v/6WvVA\nT5IWbZLBzyqnDrysOuI5tD15JNl3UxDl4CxtFW2I7dmk7XCawT8CujiM4wKBgEHi\nPZZMnG+ALzIRSdxLa8qmewXDu+fDSiPInzYIcGny+rbCl/+lg/IK0utunMLRu1L/\n9kEh0LG9IDjLUDAFXqZKv6VqoQU5fVBdDttvOC9M7PCeFXq05bDlnI/sV5CwLQ2T\nxiTulvmKqMFhJbEURhX4kqA7GDfLBBaDr/8Q33YjAoGAV2kyKpRp2D12rldGO3cg\niAImpX71ZQjoziKz6UHXnnhln/iJ8z6BxoghxGoKB01lFfYrAMDlM+Ddm9Uw8pZE\nmHtVlZofTzpKOV3yiOItFcaG3A2g5vdS/BiuIf9C7zD9+JEXAiY9bQnzu4Zv8e0j\nQaHM4j1aXJ95635tIig9byU=\n-----END PRIVATE KEY-----\n",
            "public_key_fingerprint_md5": "1b:ab:b9:8a:e5:5e:4f:91:fb:3f:4d:00:9e:18:61:9f",
            "public_key_fingerprint_sha256": "SHA256:DZQ6QlEV1tQ/I1cGQj701doV3YVmyIxERP3TH4InU4o",
            "public_key_openssh": "ssh-rsa AAAAB3NzaC1yc2EAAAADAQABAAABAQDEGXY8Mb0mTUJ2jRIsKHR6zzGIAXgsBmApsanhsytVOXhVoDDaxw2zf1mN2ZJNHwJ81sqOqmUmxk2f5R++6msT0gQUPMmJp2N4D1A+1KoAFBLQLXQqse4AZWYOotfy/EGsz3io7sSak7WBZ3DPMvotF4iisVWc7y+t3pbkCVudYrAFSDUAcsZgdKNDQ9f+jDzA5K++8v2t4VlQ76pQ6/3eZ4qNw//Ec71251s33rAqI8b9KqOZXkn47o8qaJW7hbUi8x9bQE+mQkkWFCF5+mEJmoPAvqLtbsPThg5rc5NoZlyZJaa+LTQ0+Xs3+77zPvH0iJeIY/JsA0GPaTFpxgTp\n",
            "public_key_pem": "-----BEGIN PUBLIC KEY-----\nMIIBIjANBgkqhkiG9w0BAQEFAAOCAQ8AMIIBCgKCAQEAxBl2PDG9Jk1Cdo0SLCh0\nes8xiAF4LAZgKbGp4bMrVTl4VaAw2scNs39ZjdmSTR8CfNbKjqplJsZNn+Ufvupr\nE9IEFDzJiadjeA9QPtSqABQS0C10KrHuAGVmDqLX8vxBrM94qO7EmpO1gWdwzzL6\nLReIorFVnO8vrd6W5AlbnWKwBUg1AHLGYHSjQ0PX/ow8wOSvvvL9reFZUO+qUOv9\n3meKjcP/xHO9dudbN96wKiPG/SqjmV5J+O6PKmiVu4W1IvMfW0BPpkJJFhQhefph\nCZqDwL6i7W7D04YOa3OTaGZcmSWmvi00NPl7N/u+8z7x9IiXiGPybANBj2kxacYE\n6QIDAQAB\n-----END PUBLIC KEY-----\n",
            "rsa_bits": 2048
          },
          "sensitive_attributes": [
            [
              {
                "type": "get_attr",
                "value": "private_key_openssh"
              }
            ],
            [
              {
                "type": "get_attr",
                "value": "private_key_pem"
              }
            ],
            [
              {
                "type": "get_attr",
                "value": "private_key_pem_pkcs8"
              }
            ]
          ],
          "identity_schema_version": 0
        }
      ]
    },
    {
      "mode": "managed",
      "type": "tls_self_signed_cert",
      "name": "library_app",
      "provider": "provider[\"registry.terraform.io/hashicorp/tls\"]",
      "instances": [
        {
          "schema_version": 0,
          "attributes": {
            "allowed_uses": [
              "key_encipherment",
              "digital_signature",
              "server_auth"
            ],
            "cert_pem": "-----BEGIN CERTIFICATE-----\nMIIDHDCCAgSgAwIBAgIRAMAorCjx9xMxWN203GAm/3IwDQYJKoZIhvcNAQELBQAw\nLjEUMBIGA1UEChMLTGlicmFyeSBBcHAxFjAUBgNVBAMTDWxpYnJhcnkubG9jYWww\nHhcNMjYwMTE3MTI1MzMwWhcNMjYwMTIxMTY1MzMwWjAuMRQwEgYDVQQKEwtMaWJy\nYXJ5IEFwcDEWMBQGA1UEAxMNbGlicmFyeS5sb2NhbDCCASIwDQYJKoZIhvcNAQEB\nBQADggEPADCCAQoCggEBAMQZdjwxvSZNQnaNEiwodHrPMYgBeCwGYCmxqeGzK1U5\neFWgMNrHDbN/WY3Zkk0fAnzWyo6qZSbGTZ/lH77qaxPSBBQ8yYmnY3gPUD7UqgAU\nEtAtdCqx7gBlZg6i1/L8QazPeKjuxJqTtYFncM8y+i0XiKKxVZzvL63eluQJW51i\nsAVINQByxmB0o0ND1/6MPMDkr77y/a3hWVDvqlDr/d5nio3D/8RzvXbnWzfesCoj\nxv0qo5leSfjujypolbuFtSLzH1tAT6ZCSRYUIXn6YQmag8C+ou1uw9OGDmtzk2hm\nXJklpr4tNDT5ezf7vvM+8fSIl4hj8mwDQY9pMWnGBOkCAwEAAaM1MDMwDgYDVR0P\nAQH/BAQDAgWgMBMGA1UdJQQMMAoGCCsGAQUFBwMBMAwGA1UdEwEB/wQCMAAwDQYJ\nKoZIhvcNAQELBQADggEBAIoG6w2GvpHFUn2koqK1FdB6xUizvi58GDqA4m4H+eJS\n1g3x+Z9nbnSoTcZTbHSS77eDOhgS205MIpZCVVdepY+giJJ9KavS1VuNu9U/Zsru\nQl517JORpnb2O+TCO4Ov09XV9Wmb4PsrBcuGIEZoQBuPQeeTsvlWS0bLYX/CsUw6\nHrlj4y8pqjUeboQw6OcDvPsn3ohm5bGUPMBQBuCTCFoIFlEr3mqdvL1NkS0AQo6J\n7d73aF1pZ1P5xAw/xmlNF80ngp/oRGYjxz+eQKxJKmPnR8CSeWgOSboUjZvQfWSz\nA8abAM+PRPQqknqnNYPbDOJuWa+Y/yNKewrP6yEh30A=\n-----END CERTIFICATE-----\n",
            "dns_names": null,
            "early_renewal_hours": 0,
            "id": "255422958883508152040204680303615606642",
            "ip_addresses": null,
            "is_ca_certificate": false,
            "key_algorithm": "RSA",
            "private_key_pem": "-----BEGIN RSA PRIVATE KEY-----\nMIIEowIBAAKCAQEAxBl2PDG9Jk1Cdo0SLCh0es8xiAF4LAZgKbGp4bMrVTl4VaAw\n2scNs39ZjdmSTR8CfNbKjqplJsZNn+UfvuprE9IEFDzJiadjeA9QPtSqABQS0C10\nKrHuAGVmDqLX8vxBrM94qO7EmpO1gWdwzzL6LReIorFVnO8vrd6W5AlbnWKwBUg1\nAHLGYHSjQ0PX/ow8wOSvvvL9reFZUO+qUOv93meKjcP/xHO9dudbN96wKiPG/Sqj\nmV5J+O6PKmiVu4W1IvMfW0BPpkJJFhQhefphCZqDwL6i7W7D04YOa3OTaGZcmSWm\nvi00NPl7N/u+8z7x9IiXiGPybANBj2kxacYE6QIDAQABAoIBAD10h0/M/Ky0uLgD\ndOb+1KYqKakoYLtXUiqu4YD4kAN468PV3ImrqRkQN4YTYdymc7ag78DvGJ0it2/9\nM8o2l9ER17Jp7HUlzq/xCKJwLkixAcZZAFdjBKX+IRJEKW4ebQyVxogWr+mLke3Y\nd4uPu8SG5Aysi5qPgP85y0ryvdHf72FxWJeN96Y7tvUkNhlczeas8IrFjy1Ookoj\nI3ipAXwypbTIh5bBSlN1OHoJnpfbJ2yRoVQRcIuzIeEoGB2BDFqtBiLewoG4dQid\nr0yPaoRjHGJk2YSP5GRTr6ZGTBK4jGXkGjXiO40zTDHvBZv5gSbxSb/5O2ctdZ4I\nv1IakrMCgYEA0G3w+TW7Bg11wV9PXRP4qzNU+2wHgfocygeKvYLznetYOWVCLZmk\ni+330zjTWnJuzOeY5JY5DOe9R+sRqt1veXxXrF0/ieIAPcClkKRsKn3YuJ8zeUs4\nGsAIy5nKYOr1d7E+MOOGajdZfFWMJkUzE9IFCPqHVBIKULXhpsOXgUcCgYEA8Nsb\nWqrbqJ1KlrgvJaV+ZP411vDuA52bxM4w2PBXUHW8Ixc3T3ZGy2rQm55E/lYVLHGh\nc9sRr8zZFeKC4dkq6C+5LEIQ7yR3AjCvI3y7RvH+n2GFOw3B6DMHjCwlmZuUETSB\nC57HjXCEdo1jfjFtCEcRBOTjcCjW6Mqkdfdh4E8CgYEApFf76NR3+kbEscuQDWlA\n6uTXvkMpDFCFQLt/pvxJURyPfPodm00JVJg3j6G/7RJL0V9Py/WzWDyln753OM3P\nJvBnRO5lujesTwTGx20OKNb/+lr1QE+SFm2Swc8qpw68rDriObQ9eSTZd1MQ5eAs\nbRVtiO3ZpO1wmsE/Aro4jOMCgYBB4j2WTJxvgC8yEUncS2vKpnsFw7vnw0ojyJ82\nCHBp8vq2wpf/pYPyCtLrbpzC0btS//ZBIdCxvSA4y1AwBV6mSr+laqEFOX1QXQ7b\nbzgvTOzwnhV6tOWw5ZyP7FeQsC0Nk8Yk7pb5iqjBYSWxFEYV+JKgOxg3ywQWg6//\nEN92IwKBgFdpMiqUadg9dq5XRjt3IIgCJqV+9WUI6M4is+lB1554ZZ/4ifM+gcaI\nIcRqCgdNZRX2KwDA5TPg3ZvVMPKWRJh7VZWaH086Sjld8ojiLRXGhtwNoOb3UvwY\nriH/Qu8w/fiRFwImPW0J87uGb/HtI0GhzOI9Wlyfeet+bSIoPW8l\n-----END RSA PRIVATE KEY-----\n",
            "ready_for_renewal": false,
            "set_authority_key_id": false,
            "set_subject_key_id": false,
            "subject": [
              {
                "common_name": "library.local",
                "country": null,
                "email_address": null,
                "locality": null,
                "organization": "Library App",
                "organizational_unit": null,
                "postal_code": null,
                "province": null,
                "serial_number": null,
                "street_address": null
              }
            ],
            "uris": null,
            "validity_end_time": "2026-01-21T16:53:30.000900862Z",
            "validity_period_hours": 100,
            "validity_start_time": "2026-01-17T12:53:30.000900862Z"
          },
          "sensitive_attributes": [
            [
              {
                "type": "get_attr",
                "value": "private_key_pem"
              }
            ]
          ],
          "identity_schema_version": 0,
          "dependencies": [
            "tls_private_key.library_app"
          ]
        }
      ]
    }
  ],
  "check_results": null
}
